
Microsoft Visual Studio Solution File, Format Version 12.00
# Visual Studio 2017
Project("{FAE04EC0-301F-11D3-BF4B-00C04F79EFBC}") = "Udacity Capstone Game", "Udacity Capstone Game.csproj", "{4361DD1B-B480-0F4E-19BA-5E611777DA2A}"
EndProject
Project("{FAE04EC0-301F-11D3-BF4B-00C04F79EFBC}") = "Udacity Capstone Game.Editor", "Udacity Capstone Game.Editor.csproj", "{2707A9C8-DEEA-DB96-22B6-AD1D64AB6242}"
EndProject
Global
	GlobalSection(SolutionConfigurationPlatforms) = preSolution
		Debug|Any CPU = Debug|Any CPU
		Release|Any CPU = Release|Any CPU
	EndGlobalSection
	GlobalSection(ProjectConfigurationPlatforms) = postSolution
		{4361DD1B-B480-0F4E-19BA-5E611777DA2A}.Debug|Any CPU.ActiveCfg = Debug|Any CPU
		{4361DD1B-B480-0F4E-19BA-5E611777DA2A}.Debug|Any CPU.Build.0 = Debug|Any CPU
		{4361DD1B-B480-0F4E-19BA-5E611777DA2A}.Release|Any CPU.ActiveCfg = Release|Any CPU
		{4361DD1B-B480-0F4E-19BA-5E611777DA2A}.Release|Any CPU.Build.0 = Release|Any CPU
		{2707A9C8-DEEA-DB96-22B6-AD1D64AB6242}.Debug|Any CPU.ActiveCfg = Debug|Any CPU
		{2707A9C8-DEEA-DB96-22B6-AD1D64AB6242}.Debug|Any CPU.Build.0 = Debug|Any CPU
		{2707A9C8-DEEA-DB96-22B6-AD1D64AB6242}.Release|Any CPU.ActiveCfg = Release|Any CPU
		{2707A9C8-DEEA-DB96-22B6-AD1D64AB6242}.Release|Any CPU.Build.0 = Release|Any CPU
	EndGlobalSection
	GlobalSection(SolutionProperties) = preSolution
		HideSolutionNode = FALSE
	EndGlobalSection
EndGlobal
